
Microsoft Visual Studio Solution File, Format Version 11.00
# Visual Studio 2010
Project("{FAE04EC0-301F-11D3-BF4B-00C04F79EFBC}") = "ModelViewController", "ModelViewController.csproj", "{950D2E86-5670-4D92-9654-2914CA94451E}"
EndProject
Global
	GlobalSection(TeamFoundationVersionControl) = preSolution
		SccNumberOfProjects = 2
		SccEnterpriseProvider = {4CA58AB2-18FA-4F8D-95D4-32DDF27D184C}
		SccTeamFoundationServer = https://tfs.codeplex.com/tfs/tfs21
		SccLocalPath0 = .
		SccProjectUniqueName1 = ModelViewController.csproj
		SccLocalPath1 = .
	EndGlobalSection
	GlobalSection(SolutionConfigurationPlatforms) = preSolution
		Debug|x86 = Debug|x86
		Release|x86 = Release|x86
	EndGlobalSection
	GlobalSection(ProjectConfigurationPlatforms) = postSolution
		{950D2E86-5670-4D92-9654-2914CA94451E}.Debug|x86.ActiveCfg = Debug|x86
		{950D2E86-5670-4D92-9654-2914CA94451E}.Debug|x86.Build.0 = Debug|x86
		{950D2E86-5670-4D92-9654-2914CA94451E}.Release|x86.ActiveCfg = Release|x86
		{950D2E86-5670-4D92-9654-2914CA94451E}.Release|x86.Build.0 = Release|x86
	EndGlobalSection
	GlobalSection(SolutionProperties) = preSolution
		HideSolutionNode = FALSE
	EndGlobalSection
EndGlobal
